
Microsoft Visual Studio Solution File, Format Version 11.00
# Visual Studio 2010
Project("{FAE04EC0-301F-11D3-BF4B-00C04F79EFBC}") = "Assembly-CSharp", "Assembly-CSharp.csproj", "{97523C28-2D04-E105-9D1B-383266DB5E1E}"
EndProject
Project("{FAE04EC0-301F-11D3-BF4B-00C04F79EFBC}") = "PathCreator", "PathCreator.csproj", "{FAB72EDD-3CFF-4378-6A2B-252727C053E7}"
EndProject
Project("{FAE04EC0-301F-11D3-BF4B-00C04F79EFBC}") = "PathCreatorEditor", "PathCreatorEditor.csproj", "{F2092B88-49D2-A0DE-D0FE-26689FB76BEA}"
EndProject
Project("{FAE04EC0-301F-11D3-BF4B-00C04F79EFBC}") = "Assembly-CSharp-Editor-firstpass", "Assembly-CSharp-Editor-firstpass.csproj", "{F01343E1-CF2D-4023-31CF-C7F16BB6629E}"
EndProject
Project("{FAE04EC0-301F-11D3-BF4B-00C04F79EFBC}") = "Assembly-CSharp-Editor", "Assembly-CSharp-Editor.csproj", "{990394AE-EE7B-C44D-A080-3E70B024CD84}"
EndProject
Global
	GlobalSection(SolutionConfigurationPlatforms) = preSolution
		Debug|Any CPU = Debug|Any CPU
		Release|Any CPU = Release|Any CPU
	EndGlobalSection
	GlobalSection(ProjectConfigurationPlatforms) = postSolution
		{97523C28-2D04-E105-9D1B-383266DB5E1E}.Debug|Any CPU.ActiveCfg = Debug|Any CPU
		{97523C28-2D04-E105-9D1B-383266DB5E1E}.Debug|Any CPU.Build.0 = Debug|Any CPU
		{97523C28-2D04-E105-9D1B-383266DB5E1E}.Release|Any CPU.ActiveCfg = Release|Any CPU
		{97523C28-2D04-E105-9D1B-383266DB5E1E}.Release|Any CPU.Build.0 = Release|Any CPU
		{FAB72EDD-3CFF-4378-6A2B-252727C053E7}.Debug|Any CPU.ActiveCfg = Debug|Any CPU
		{FAB72EDD-3CFF-4378-6A2B-252727C053E7}.Debug|Any CPU.Build.0 = Debug|Any CPU
		{FAB72EDD-3CFF-4378-6A2B-252727C053E7}.Release|Any CPU.ActiveCfg = Release|Any CPU
		{FAB72EDD-3CFF-4378-6A2B-252727C053E7}.Release|Any CPU.Build.0 = Release|Any CPU
		{F2092B88-49D2-A0DE-D0FE-26689FB76BEA}.Debug|Any CPU.ActiveCfg = Debug|Any CPU
		{F2092B88-49D2-A0DE-D0FE-26689FB76BEA}.Debug|Any CPU.Build.0 = Debug|Any CPU
		{F2092B88-49D2-A0DE-D0FE-26689FB76BEA}.Release|Any CPU.ActiveCfg = Release|Any CPU
		{F2092B88-49D2-A0DE-D0FE-26689FB76BEA}.Release|Any CPU.Build.0 = Release|Any CPU
		{F01343E1-CF2D-4023-31CF-C7F16BB6629E}.Debug|Any CPU.ActiveCfg = Debug|Any CPU
		{F01343E1-CF2D-4023-31CF-C7F16BB6629E}.Debug|Any CPU.Build.0 = Debug|Any CPU
		{F01343E1-CF2D-4023-31CF-C7F16BB6629E}.Release|Any CPU.ActiveCfg = Release|Any CPU
		{F01343E1-CF2D-4023-31CF-C7F16BB6629E}.Release|Any CPU.Build.0 = Release|Any CPU
		{990394AE-EE7B-C44D-A080-3E70B024CD84}.Debug|Any CPU.ActiveCfg = Debug|Any CPU
		{990394AE-EE7B-C44D-A080-3E70B024CD84}.Debug|Any CPU.Build.0 = Debug|Any CPU
		{990394AE-EE7B-C44D-A080-3E70B024CD84}.Release|Any CPU.ActiveCfg = Release|Any CPU
		{990394AE-EE7B-C44D-A080-3E70B024CD84}.Release|Any CPU.Build.0 = Release|Any CPU
	EndGlobalSection
	GlobalSection(SolutionProperties) = preSolution
		HideSolutionNode = FALSE
	EndGlobalSection
EndGlobal
